# @generated by Move, please check-in and do not edit manually.

[move]
version = 3
manifest_digest = "540744257570D37623A9BA44846EE8969D33393E5FA05970FF1FF5E625BD6CD5"
deps_digest = "F8BBB0CCB2491CA29A3DF03D6F92277A4F3574266507ACD77214D37ECA3F3082"
dependencies = [
  { id = "Sui", name = "Sui" },
]

[[move.package]]
id = "MoveStdlib"
source = { git = "https://github.com/MystenLabs/sui.git", rev = "framework/testnet", subdir = "crates/sui-framework/packages/move-stdlib" }

[[move.package]]
id = "Sui"
source = { git = "https://github.com/MystenLabs/sui.git", rev = "framework/testnet", subdir = "crates/sui-framework/packages/sui-framework" }

dependencies = [
  { id = "MoveStdlib", name = "MoveStdlib" },
]

[move.toolchain-version]
compiler-version = "1.39.0"
edition = "2024.beta"
flavor = "sui"

[env]

[env.local]
chain-id = "59223828"
original-published-id = "0x388336ba05344271aa522bb287f3dd6e1c479b8b8afe270325bcaa663b7fb18b"
latest-published-id = "0x388336ba05344271aa522bb287f3dd6e1c479b8b8afe270325bcaa663b7fb18b"
published-version = "1"

[env.testnet]
chain-id = "4c78adac"
original-published-id = "0xd9822b77a9b30423dd1e48c0b73ddac0ea06c4ce518e32dbef486eb082a71bd8"
latest-published-id = "0xd9822b77a9b30423dd1e48c0b73ddac0ea06c4ce518e32dbef486eb082a71bd8"
published-version = "1"
